
Microsoft Visual Studio Solution File, Format Version 12.00
# Visual Studio Version 17
VisualStudioVersion = 17.6.33417.168
MinimumVisualStudioVersion = 10.0.40219.1
Project("{FAE04EC0-301F-11D3-BF4B-00C04F79EFBC}") = "CarSeller", "src\CarSeller\CarSeller.csproj", "{ACF3578C-DEA8-4854-9831-D24ADB5B1E1B}"
EndProject
Project("{2150E333-8FDC-42A3-9474-1A3956D46DE8}") = "Swagger", "Swagger", "{69FB5485-EA77-40AD-BCFA-1C3FDF18A472}"
	ProjectSection(SolutionItems) = preProject
		SwaggerVsCode\swagger.yaml = SwaggerVsCode\swagger.yaml
		SwaggerVsCode\swagger.json = SwaggerVsCode\swagger.json
	EndProjectSection
EndProject
Project("{2150E333-8FDC-42A3-9474-1A3956D46DE8}") = "StoplightStudio", "StoplightStudio", "{A7AD0F26-EE8A-4136-88E9-97DAA179D346}"
EndProject
Project("{2150E333-8FDC-42A3-9474-1A3956D46DE8}") = "Reference", "Reference", "{8A1EF3D5-AB64-46F9-AC01-5697166398E4}"
	ProjectSection(SolutionItems) = preProject
		StoplightStudio\reference\cars.yaml = StoplightStudio\reference\cars.yaml
	EndProjectSection
EndProject
Global
	GlobalSection(SolutionConfigurationPlatforms) = preSolution
		Debug|Any CPU = Debug|Any CPU
		Release|Any CPU = Release|Any CPU
	EndGlobalSection
	GlobalSection(ProjectConfigurationPlatforms) = postSolution
		{ACF3578C-DEA8-4854-9831-D24ADB5B1E1B}.Debug|Any CPU.ActiveCfg = Debug|Any CPU
		{ACF3578C-DEA8-4854-9831-D24ADB5B1E1B}.Debug|Any CPU.Build.0 = Debug|Any CPU
		{ACF3578C-DEA8-4854-9831-D24ADB5B1E1B}.Release|Any CPU.ActiveCfg = Release|Any CPU
		{ACF3578C-DEA8-4854-9831-D24ADB5B1E1B}.Release|Any CPU.Build.0 = Release|Any CPU
	EndGlobalSection
	GlobalSection(SolutionProperties) = preSolution
		HideSolutionNode = FALSE
	EndGlobalSection
	GlobalSection(ExtensibilityGlobals) = postSolution
		SolutionGuid = {B3FD69EB-062E-47A4-937F-F1359C96915F}
	EndGlobalSection
	GlobalSection(NestedProjects) = preSolution
		{8A1EF3D5-AB64-46F9-AC01-5697166398E4} = {A7AD0F26-EE8A-4136-88E9-97DAA179D346}
	EndGlobalSection
EndGlobal
