
Microsoft Visual Studio Solution File, Format Version 12.00
# Visual Studio Version 17
VisualStudioVersion = 17.6.33417.168
MinimumVisualStudioVersion = 10.0.40219.1
Project("{FAE04EC0-301F-11D3-BF4B-00C04F79EFBC}") = "CarSeller", "src\CarSeller\CarSeller.csproj", "{ACF3578C-DEA8-4854-9831-D24ADB5B1E1B}"
EndProject
Project("{FAE04EC0-301F-11D3-BF4B-00C04F79EFBC}") = "EducatedCarSeller", "src\EducatedCarSeller\EducatedCarSeller.csproj", "{795B4418-5CA5-4A0B-8D9F-CA8C163F2A01}"
EndProject
Global
	GlobalSection(SolutionConfigurationPlatforms) = preSolution
		Debug|Any CPU = Debug|Any CPU
		Release|Any CPU = Release|Any CPU
	EndGlobalSection
	GlobalSection(ProjectConfigurationPlatforms) = postSolution
		{ACF3578C-DEA8-4854-9831-D24ADB5B1E1B}.Debug|Any CPU.ActiveCfg = Debug|Any CPU
		{ACF3578C-DEA8-4854-9831-D24ADB5B1E1B}.Debug|Any CPU.Build.0 = Debug|Any CPU
		{ACF3578C-DEA8-4854-9831-D24ADB5B1E1B}.Release|Any CPU.ActiveCfg = Release|Any CPU
		{ACF3578C-DEA8-4854-9831-D24ADB5B1E1B}.Release|Any CPU.Build.0 = Release|Any CPU
		{795B4418-5CA5-4A0B-8D9F-CA8C163F2A01}.Debug|Any CPU.ActiveCfg = Debug|Any CPU
		{795B4418-5CA5-4A0B-8D9F-CA8C163F2A01}.Debug|Any CPU.Build.0 = Debug|Any CPU
		{795B4418-5CA5-4A0B-8D9F-CA8C163F2A01}.Release|Any CPU.ActiveCfg = Release|Any CPU
		{795B4418-5CA5-4A0B-8D9F-CA8C163F2A01}.Release|Any CPU.Build.0 = Release|Any CPU
	EndGlobalSection
	GlobalSection(SolutionProperties) = preSolution
		HideSolutionNode = FALSE
	EndGlobalSection
	GlobalSection(ExtensibilityGlobals) = postSolution
		SolutionGuid = {B3FD69EB-062E-47A4-937F-F1359C96915F}
	EndGlobalSection
EndGlobal
